{
  "version": 4,
  "terraform_version": "1.9.8",
  "serial": 33,
  "lineage": "2d30bbb8-e802-7208-12be-4f9224bd451b",
  "outputs": {
    "private_vm_ip": {
      "value": "10.0.2.90",
      "type": "string"
    },
    "public_vm_ip": {
      "value": "3.85.172.131",
      "type": "string"
    },
    "ssh_key_name": {
      "value": "my-project-key-5ddbeb33",
      "type": "string"
    }
  },
  "resources": [
    {
      "module": "module.ec2",
      "mode": "managed",
      "type": "aws_instance",
      "name": "private_vm",
      "provider": "provider[\"registry.terraform.io/hashicorp/aws\"]",
      "instances": [
        {
          "schema_version": 1,
          "attributes": {
            "ami": "ami-012967cc5a8c9f891",
            "arn": "arn:aws:ec2:us-east-1:537124964259:instance/i-05dc60ae866b280c0",
            "associate_public_ip_address": false,
            "availability_zone": "us-east-1b",
            "capacity_reservation_specification": [
              {
                "capacity_reservation_preference": "open",
                "capacity_reservation_target": []
              }
            ],
            "cpu_core_count": 1,
            "cpu_options": [
              {
                "amd_sev_snp": "",
                "core_count": 1,
                "threads_per_core": 1
              }
            ],
            "cpu_threads_per_core": 1,
            "credit_specification": [
              {
                "cpu_credits": "standard"
              }
            ],
            "disable_api_stop": false,
            "disable_api_termination": false,
            "ebs_block_device": [],
            "ebs_optimized": false,
            "enclave_options": [
              {
                "enabled": false
              }
            ],
            "ephemeral_block_device": [],
            "get_password_data": false,
            "hibernation": false,
            "host_id": "",
            "host_resource_group_arn": null,
            "iam_instance_profile": "",
            "id": "i-05dc60ae866b280c0",
            "instance_initiated_shutdown_behavior": "stop",
            "instance_state": "running",
            "instance_type": "t2.micro",
            "ipv6_address_count": 0,
            "ipv6_addresses": [],
            "key_name": "my-project-key-5ddbeb33",
            "launch_template": [],
            "maintenance_options": [
              {
                "auto_recovery": "default"
              }
            ],
            "metadata_options": [
              {
                "http_endpoint": "enabled",
                "http_put_response_hop_limit": 2,
                "http_tokens": "required",
                "instance_metadata_tags": "disabled"
              }
            ],
            "monitoring": false,
            "network_interface": [],
            "outpost_arn": "",
            "password_data": "",
            "placement_group": "",
            "placement_partition_number": 0,
            "primary_network_interface_id": "eni-0645bd90937d7629a",
            "private_dns": "ip-10-0-2-90.ec2.internal",
            "private_dns_name_options": [
              {
                "enable_resource_name_dns_a_record": false,
                "enable_resource_name_dns_aaaa_record": false,
                "hostname_type": "ip-name"
              }
            ],
            "private_ip": "10.0.2.90",
            "public_dns": "",
            "public_ip": "",
            "root_block_device": [
              {
                "delete_on_termination": true,
                "device_name": "/dev/xvda",
                "encrypted": false,
                "iops": 3000,
                "kms_key_id": "",
                "tags": {},
                "throughput": 125,
                "volume_id": "vol-014840f5f4572674e",
                "volume_size": 8,
                "volume_type": "gp3"
              }
            ],
            "secondary_private_ips": [],
            "security_groups": [],
            "source_dest_check": true,
            "subnet_id": "subnet-01877cf60c081d209",
            "tags": {
              "Name": "Private VM"
            },
            "tags_all": {
              "Name": "Private VM"
            },
            "tenancy": "default",
            "timeouts": null,
            "user_data": null,
            "user_data_base64": null,
            "user_data_replace_on_change": false,
            "volume_tags": null,
            "vpc_security_group_ids": [
              "sg-092a32f128a760a60"
            ]
          },
          "sensitive_attributes": [],
          "private": "eyJlMmJmYjczMC1lY2FhLTExZTYtOGY4OC0zNDM2M2JjN2M0YzAiOnsiY3JlYXRlIjo2MDAwMDAwMDAwMDAsImRlbGV0ZSI6MTIwMDAwMDAwMDAwMCwidXBkYXRlIjo2MDAwMDAwMDAwMDB9LCJzY2hlbWFfdmVyc2lvbiI6IjEifQ==",
          "dependencies": [
            "module.ec2.aws_security_group.web",
            "module.networking.aws_subnet.private",
            "module.networking.aws_vpc.main",
            "module.ssh_key.aws_key_pair.deployer",
            "module.ssh_key.random_id.key_suffix",
            "module.ssh_key.tls_private_key.ssh_key"
          ]
        }
      ]
    },
    {
      "module": "module.ec2",
      "mode": "managed",
      "type": "aws_instance",
      "name": "public_vm",
      "provider": "provider[\"registry.terraform.io/hashicorp/aws\"]",
      "instances": [
        {
          "schema_version": 1,
          "attributes": {
            "ami": "ami-012967cc5a8c9f891",
            "arn": "arn:aws:ec2:us-east-1:537124964259:instance/i-029f50618b6dd4312",
            "associate_public_ip_address": true,
            "availability_zone": "us-east-1a",
            "capacity_reservation_specification": [
              {
                "capacity_reservation_preference": "open",
                "capacity_reservation_target": []
              }
            ],
            "cpu_core_count": 1,
            "cpu_options": [
              {
                "amd_sev_snp": "",
                "core_count": 1,
                "threads_per_core": 1
              }
            ],
            "cpu_threads_per_core": 1,
            "credit_specification": [
              {
                "cpu_credits": "standard"
              }
            ],
            "disable_api_stop": false,
            "disable_api_termination": false,
            "ebs_block_device": [],
            "ebs_optimized": false,
            "enclave_options": [
              {
                "enabled": false
              }
            ],
            "ephemeral_block_device": [],
            "get_password_data": false,
            "hibernation": false,
            "host_id": "",
            "host_resource_group_arn": null,
            "iam_instance_profile": "",
            "id": "i-029f50618b6dd4312",
            "instance_initiated_shutdown_behavior": "stop",
            "instance_state": "running",
            "instance_type": "t2.micro",
            "ipv6_address_count": 0,
            "ipv6_addresses": [],
            "key_name": "my-project-key-5ddbeb33",
            "launch_template": [],
            "maintenance_options": [
              {
                "auto_recovery": "default"
              }
            ],
            "metadata_options": [
              {
                "http_endpoint": "enabled",
                "http_put_response_hop_limit": 2,
                "http_tokens": "required",
                "instance_metadata_tags": "disabled"
              }
            ],
            "monitoring": false,
            "network_interface": [],
            "outpost_arn": "",
            "password_data": "",
            "placement_group": "",
            "placement_partition_number": 0,
            "primary_network_interface_id": "eni-07e37f1bcbe422f9c",
            "private_dns": "ip-10-0-1-28.ec2.internal",
            "private_dns_name_options": [
              {
                "enable_resource_name_dns_a_record": false,
                "enable_resource_name_dns_aaaa_record": false,
                "hostname_type": "ip-name"
              }
            ],
            "private_ip": "10.0.1.28",
            "public_dns": "ec2-3-85-172-131.compute-1.amazonaws.com",
            "public_ip": "3.85.172.131",
            "root_block_device": [
              {
                "delete_on_termination": true,
                "device_name": "/dev/xvda",
                "encrypted": false,
                "iops": 3000,
                "kms_key_id": "",
                "tags": {},
                "throughput": 125,
                "volume_id": "vol-020e5ca95ebc9d5bc",
                "volume_size": 8,
                "volume_type": "gp3"
              }
            ],
            "secondary_private_ips": [],
            "security_groups": [],
            "source_dest_check": true,
            "subnet_id": "subnet-0e092135b75f3f8c8",
            "tags": {
              "Name": "Public VM"
            },
            "tags_all": {
              "Name": "Public VM"
            },
            "tenancy": "default",
            "timeouts": null,
            "user_data": "94d3488a967b2751902c087ca018707d7772a683",
            "user_data_base64": null,
            "user_data_replace_on_change": false,
            "volume_tags": null,
            "vpc_security_group_ids": [
              "sg-092a32f128a760a60"
            ]
          },
          "sensitive_attributes": [],
          "private": "eyJlMmJmYjczMC1lY2FhLTExZTYtOGY4OC0zNDM2M2JjN2M0YzAiOnsiY3JlYXRlIjo2MDAwMDAwMDAwMDAsImRlbGV0ZSI6MTIwMDAwMDAwMDAwMCwidXBkYXRlIjo2MDAwMDAwMDAwMDB9LCJzY2hlbWFfdmVyc2lvbiI6IjEifQ==",
          "dependencies": [
            "module.ec2.aws_security_group.web",
            "module.networking.aws_subnet.public",
            "module.networking.aws_vpc.main",
            "module.ssh_key.aws_key_pair.deployer",
            "module.ssh_key.random_id.key_suffix",
            "module.ssh_key.tls_private_key.ssh_key"
          ]
        }
      ]
    },
    {
      "module": "module.ec2",
      "mode": "managed",
      "type": "aws_security_group",
      "name": "web",
      "provider": "provider[\"registry.terraform.io/hashicorp/aws\"]",
      "instances": [
        {
          "schema_version": 1,
          "attributes": {
            "arn": "arn:aws:ec2:us-east-1:537124964259:security-group/sg-092a32f128a760a60",
            "description": "Allow HTTP and SSH traffic",
            "egress": [
              {
                "cidr_blocks": [
                  "0.0.0.0/0"
                ],
                "description": "",
                "from_port": 0,
                "ipv6_cidr_blocks": [],
                "prefix_list_ids": [],
                "protocol": "-1",
                "security_groups": [],
                "self": false,
                "to_port": 0
              }
            ],
            "id": "sg-092a32f128a760a60",
            "ingress": [
              {
                "cidr_blocks": [
                  "0.0.0.0/0"
                ],
                "description": "",
                "from_port": 22,
                "ipv6_cidr_blocks": [],
                "prefix_list_ids": [],
                "protocol": "tcp",
                "security_groups": [],
                "self": false,
                "to_port": 22
              },
              {
                "cidr_blocks": [
                  "0.0.0.0/0"
                ],
                "description": "",
                "from_port": 80,
                "ipv6_cidr_blocks": [],
                "prefix_list_ids": [],
                "protocol": "tcp",
                "security_groups": [],
                "self": false,
                "to_port": 80
              }
            ],
            "name": "web-sg",
            "name_prefix": "",
            "owner_id": "537124964259",
            "revoke_rules_on_delete": false,
            "tags": {},
            "tags_all": {},
            "timeouts": null,
            "vpc_id": "vpc-04fec5df77d2cdae3"
          },
          "sensitive_attributes": [],
          "private": "eyJlMmJmYjczMC1lY2FhLTExZTYtOGY4OC0zNDM2M2JjN2M0YzAiOnsiY3JlYXRlIjo2MDAwMDAwMDAwMDAsImRlbGV0ZSI6OTAwMDAwMDAwMDAwfSwic2NoZW1hX3ZlcnNpb24iOiIxIn0=",
          "dependencies": [
            "module.networking.aws_vpc.main"
          ]
        }
      ]
    },
    {
      "module": "module.networking",
      "mode": "managed",
      "type": "aws_internet_gateway",
      "name": "main",
      "provider": "provider[\"registry.terraform.io/hashicorp/aws\"]",
      "instances": [
        {
          "schema_version": 0,
          "attributes": {
            "arn": "arn:aws:ec2:us-east-1:537124964259:internet-gateway/igw-0a49fd520a21b22b5",
            "id": "igw-0a49fd520a21b22b5",
            "owner_id": "537124964259",
            "tags": {
              "Name": "main-igw"
            },
            "tags_all": {
              "Name": "main-igw"
            },
            "timeouts": null,
            "vpc_id": "vpc-04fec5df77d2cdae3"
          },
          "sensitive_attributes": [],
          "private": "eyJlMmJmYjczMC1lY2FhLTExZTYtOGY4OC0zNDM2M2JjN2M0YzAiOnsiY3JlYXRlIjoxMjAwMDAwMDAwMDAwLCJkZWxldGUiOjEyMDAwMDAwMDAwMDAsInVwZGF0ZSI6MTIwMDAwMDAwMDAwMH19",
          "dependencies": [
            "module.networking.aws_vpc.main"
          ]
        }
      ]
    },
    {
      "module": "module.networking",
      "mode": "managed",
      "type": "aws_route_table",
      "name": "public",
      "provider": "provider[\"registry.terraform.io/hashicorp/aws\"]",
      "instances": [
        {
          "schema_version": 0,
          "attributes": {
            "arn": "arn:aws:ec2:us-east-1:537124964259:route-table/rtb-0deb0732d5d0938ff",
            "id": "rtb-0deb0732d5d0938ff",
            "owner_id": "537124964259",
            "propagating_vgws": [],
            "route": [
              {
                "carrier_gateway_id": "",
                "cidr_block": "0.0.0.0/0",
                "core_network_arn": "",
                "destination_prefix_list_id": "",
                "egress_only_gateway_id": "",
                "gateway_id": "igw-0a49fd520a21b22b5",
                "instance_id": "",
                "ipv6_cidr_block": "",
                "local_gateway_id": "",
                "nat_gateway_id": "",
                "network_interface_id": "",
                "transit_gateway_id": "",
                "vpc_endpoint_id": "",
                "vpc_peering_connection_id": ""
              }
            ],
            "tags": {
              "Name": "public-route-table"
            },
            "tags_all": {
              "Name": "public-route-table"
            },
            "timeouts": null,
            "vpc_id": "vpc-04fec5df77d2cdae3"
          },
          "sensitive_attributes": [],
          "private": "eyJlMmJmYjczMC1lY2FhLTExZTYtOGY4OC0zNDM2M2JjN2M0YzAiOnsiY3JlYXRlIjozMDAwMDAwMDAwMDAsImRlbGV0ZSI6MzAwMDAwMDAwMDAwLCJ1cGRhdGUiOjEyMDAwMDAwMDAwMH19",
          "dependencies": [
            "module.networking.aws_internet_gateway.main",
            "module.networking.aws_vpc.main"
          ]
        }
      ]
    },
    {
      "module": "module.networking",
      "mode": "managed",
      "type": "aws_route_table_association",
      "name": "public",
      "provider": "provider[\"registry.terraform.io/hashicorp/aws\"]",
      "instances": [
        {
          "schema_version": 0,
          "attributes": {
            "gateway_id": "",
            "id": "rtbassoc-0972b5c998b948163",
            "route_table_id": "rtb-0deb0732d5d0938ff",
            "subnet_id": "subnet-0e092135b75f3f8c8",
            "timeouts": null
          },
          "sensitive_attributes": [],
          "private": "eyJlMmJmYjczMC1lY2FhLTExZTYtOGY4OC0zNDM2M2JjN2M0YzAiOnsiY3JlYXRlIjozMDAwMDAwMDAwMDAsImRlbGV0ZSI6MzAwMDAwMDAwMDAwLCJ1cGRhdGUiOjEyMDAwMDAwMDAwMH19",
          "dependencies": [
            "module.networking.aws_internet_gateway.main",
            "module.networking.aws_route_table.public",
            "module.networking.aws_subnet.public",
            "module.networking.aws_vpc.main"
          ]
        }
      ]
    },
    {
      "module": "module.networking",
      "mode": "managed",
      "type": "aws_subnet",
      "name": "private",
      "provider": "provider[\"registry.terraform.io/hashicorp/aws\"]",
      "instances": [
        {
          "schema_version": 1,
          "attributes": {
            "arn": "arn:aws:ec2:us-east-1:537124964259:subnet/subnet-01877cf60c081d209",
            "assign_ipv6_address_on_creation": false,
            "availability_zone": "us-east-1b",
            "availability_zone_id": "use1-az4",
            "cidr_block": "10.0.2.0/24",
            "customer_owned_ipv4_pool": "",
            "enable_dns64": false,
            "enable_lni_at_device_index": 0,
            "enable_resource_name_dns_a_record_on_launch": false,
            "enable_resource_name_dns_aaaa_record_on_launch": false,
            "id": "subnet-01877cf60c081d209",
            "ipv6_cidr_block": "",
            "ipv6_cidr_block_association_id": "",
            "ipv6_native": false,
            "map_customer_owned_ip_on_launch": false,
            "map_public_ip_on_launch": false,
            "outpost_arn": "",
            "owner_id": "537124964259",
            "private_dns_hostname_type_on_launch": "ip-name",
            "tags": {
              "Name": "private-subnet"
            },
            "tags_all": {
              "Name": "private-subnet"
            },
            "timeouts": null,
            "vpc_id": "vpc-04fec5df77d2cdae3"
          },
          "sensitive_attributes": [],
          "private": "eyJlMmJmYjczMC1lY2FhLTExZTYtOGY4OC0zNDM2M2JjN2M0YzAiOnsiY3JlYXRlIjo2MDAwMDAwMDAwMDAsImRlbGV0ZSI6MTIwMDAwMDAwMDAwMH0sInNjaGVtYV92ZXJzaW9uIjoiMSJ9",
          "dependencies": [
            "module.networking.aws_vpc.main"
          ]
        }
      ]
    },
    {
      "module": "module.networking",
      "mode": "managed",
      "type": "aws_subnet",
      "name": "public",
      "provider": "provider[\"registry.terraform.io/hashicorp/aws\"]",
      "instances": [
        {
          "schema_version": 1,
          "attributes": {
            "arn": "arn:aws:ec2:us-east-1:537124964259:subnet/subnet-0e092135b75f3f8c8",
            "assign_ipv6_address_on_creation": false,
            "availability_zone": "us-east-1a",
            "availability_zone_id": "use1-az2",
            "cidr_block": "10.0.1.0/24",
            "customer_owned_ipv4_pool": "",
            "enable_dns64": false,
            "enable_lni_at_device_index": 0,
            "enable_resource_name_dns_a_record_on_launch": false,
            "enable_resource_name_dns_aaaa_record_on_launch": false,
            "id": "subnet-0e092135b75f3f8c8",
            "ipv6_cidr_block": "",
            "ipv6_cidr_block_association_id": "",
            "ipv6_native": false,
            "map_customer_owned_ip_on_launch": false,
            "map_public_ip_on_launch": true,
            "outpost_arn": "",
            "owner_id": "537124964259",
            "private_dns_hostname_type_on_launch": "ip-name",
            "tags": {
              "Name": "public-subnet"
            },
            "tags_all": {
              "Name": "public-subnet"
            },
            "timeouts": null,
            "vpc_id": "vpc-04fec5df77d2cdae3"
          },
          "sensitive_attributes": [],
          "private": "eyJlMmJmYjczMC1lY2FhLTExZTYtOGY4OC0zNDM2M2JjN2M0YzAiOnsiY3JlYXRlIjo2MDAwMDAwMDAwMDAsImRlbGV0ZSI6MTIwMDAwMDAwMDAwMH0sInNjaGVtYV92ZXJzaW9uIjoiMSJ9",
          "dependencies": [
            "module.networking.aws_vpc.main"
          ]
        }
      ]
    },
    {
      "module": "module.networking",
      "mode": "managed",
      "type": "aws_vpc",
      "name": "main",
      "provider": "provider[\"registry.terraform.io/hashicorp/aws\"]",
      "instances": [
        {
          "schema_version": 1,
          "attributes": {
            "arn": "arn:aws:ec2:us-east-1:537124964259:vpc/vpc-04fec5df77d2cdae3",
            "assign_generated_ipv6_cidr_block": false,
            "cidr_block": "10.0.0.0/16",
            "default_network_acl_id": "acl-09c3f3148a8d4358c",
            "default_route_table_id": "rtb-08ffc5e88acc297b1",
            "default_security_group_id": "sg-0d389d5d0279b5c4f",
            "dhcp_options_id": "dopt-0900bc72a1d6c48c1",
            "enable_classiclink": false,
            "enable_classiclink_dns_support": false,
            "enable_dns_hostnames": true,
            "enable_dns_support": true,
            "enable_network_address_usage_metrics": false,
            "id": "vpc-04fec5df77d2cdae3",
            "instance_tenancy": "default",
            "ipv4_ipam_pool_id": null,
            "ipv4_netmask_length": null,
            "ipv6_association_id": "",
            "ipv6_cidr_block": "",
            "ipv6_cidr_block_network_border_group": "",
            "ipv6_ipam_pool_id": "",
            "ipv6_netmask_length": 0,
            "main_route_table_id": "rtb-08ffc5e88acc297b1",
            "owner_id": "537124964259",
            "tags": {
              "Name": "custom-vpc"
            },
            "tags_all": {
              "Name": "custom-vpc"
            }
          },
          "sensitive_attributes": [],
          "private": "eyJzY2hlbWFfdmVyc2lvbiI6IjEifQ=="
        }
      ]
    },
    {
      "module": "module.ssh_key",
      "mode": "managed",
      "type": "aws_key_pair",
      "name": "deployer",
      "provider": "provider[\"registry.terraform.io/hashicorp/aws\"]",
      "instances": [
        {
          "schema_version": 1,
          "attributes": {
            "arn": "arn:aws:ec2:us-east-1:537124964259:key-pair/my-project-key-5ddbeb33",
            "fingerprint": "4b:18:6e:de:1c:21:26:c3:8a:d2:2f:21:cb:00:79:f3",
            "id": "my-project-key-5ddbeb33",
            "key_name": "my-project-key-5ddbeb33",
            "key_name_prefix": "",
            "key_pair_id": "key-0857353af545c2f87",
            "key_type": "rsa",
            "public_key": "ssh-rsa AAAAB3NzaC1yc2EAAAADAQABAAABAQCxzczKvB+T2P9LPnTlqudTw7gTMWq3MKDms4J8/rJrXNWbXBcuEh96OY38SoVC3DmioFfpy76KU+Qg+4sYCZ95MThXTzEb7pB6Wdu2XrqGRbfnlI8bdyQL4dHrDvMGZNx3hTO6Rap9Zime/Cf0WAVexdid2FksAjR6flF7Sm8UmF3fCBSDT1MM+7p3oVFVnm+ovN6ZGnlWEdMrbbhIordDoxy2GyX3JnudYBcYH0XfHGI++Rv9qIE+82BcvzEK1uWf4J7eYj8UfOwCsbC73DbSBdpQ12Q/UhJJFDfuZ17H8B9u7lU86gixjkOirBb/pdbqmJoyga9Vtl17bUhYwTml",
            "tags": {},
            "tags_all": {}
          },
          "sensitive_attributes": [],
          "private": "eyJzY2hlbWFfdmVyc2lvbiI6IjEifQ==",
          "dependencies": [
            "module.ssh_key.random_id.key_suffix",
            "module.ssh_key.tls_private_key.ssh_key"
          ]
        }
      ]
    },
    {
      "module": "module.ssh_key",
      "mode": "managed",
      "type": "local_file",
      "name": "private_key",
      "provider": "provider[\"registry.terraform.io/hashicorp/local\"]",
      "instances": [
        {
          "schema_version": 0,
          "attributes": {
            "content": "-----BEGIN RSA PRIVATE KEY-----\nMIIEogIBAAKCAQEAsc3Myrwfk9j/Sz505arnU8O4EzFqtzCg5rOCfP6ya1zVm1wX\nLhIfejmN/EqFQtw5oqBX6cu+ilPkIPuLGAmfeTE4V08xG+6Qelnbtl66hkW355SP\nG3ckC+HR6w7zBmTcd4UzukWqfWYpnvwn9FgFXsXYndhZLAI0en5Re0pvFJhd3wgU\ng09TDPu6d6FRVZ5vqLzemRp5VhHTK224SKK3Q6Mcthsl9yZ7nWAXGB9F3xxiPvkb\n/aiBPvNgXL8xCtbln+Ce3mI/FHzsArGwu9w20gXaUNdkP1ISSRQ37mdex/Afbu5V\nPOoIsY5DoqwW/6XW6piaMoGvVbZde21IWME5pQIDAQABAoIBAGTeJo7guF1Mnk/W\nZ8Se9srLXpLs1uiD2tPmBGHar+c+bCPN04ycVWUmX4k/0WfDvaKnqhgFMNwSiXm4\nmgkR9HlxVdAaKfb5mNcAQSeth82Cobjry1++cCGZg1gBTBdVgsj/NQA4Y2buXTBH\nRndUs/826BNr1/KicZkILjtuV6PrdTS5L/m1yoWYSfqCQOuxiZZcf33o9X4M5oy5\nOfRDAwN/nSSne/ZT0gnJ+a9aZvYz2bhDEo60Ww6npXTsxRQs2jYuX+w/7puQfQka\n+Qema7BY1O7UCz8eTf+0jzV4Aq2Cadlm6AKEOexoO2BB6pstwVlzz+pvAYXM3wk1\n61pDvOECgYEAwgjHBfoNKEhFqpmhDyIwNcb0JMIHReTMdVqoM43o4nkymzS5JxL7\nT7XZBKxKkhpfs4cZbsC7tPJszGGUGQq/nTvB9moxlvV/NZUFpCY595LyruztZE5q\nrwKvUeFoxyHsUJfMBAWLzKlckJ8vHteIsgioQJOpsDqjSYwdWy2szc0CgYEA6pYc\nqx2W/wO8h88ZVUD1J49gZW79MttsdXTWIrrl9YyKWZu8kJCCj6UmeHMrmnIqh3Sr\n8IMMcijMXqs3zfd4e/bMwMUAJEdm66nxFVTygNxmids1FjjD4L6UHSRufUepKA72\n2HekxIOf3RTRNXVm/RNQf4fsDfkebvD6lRRWAzkCgYAQzUfGqbd39IIr2q/KqrA4\nB+leQXr1v3FA/D+ybyhqbApIzFD4JDmk1l9bezvd2PDOj/VQ1NmsOo3XSN/VJ0we\nZm1OVDXFF68TSbs6UqEUYiInqZaI6A1u6DGcSoOTMsnO1MYy1vQbHdNJJq+i4RES\nMZO4O9Em1H0NQlfMbHEZRQKBgEbzrCwdQQRUrvssqm7cvMmAVhmX3kE5mK5V7kaG\n3PLN1TKRJhFbhAHKY75epzuJeE+L/E08ddE5gcbIZpKHXQuxc/CCJS7T4c85kU9w\naACNqP3dLUtRU/1v5wCBemGuAP26uPJ0DYPag8mseDKBFetJojlQdRcs2AWaIVBh\n3DoRAoGAbBKr57QrK4NF3yzEPMZCGAxLAnABACdsq5SPU1fJv/F3jC0USm6x9ytv\n2aFfuhTXfSg4jww6KWFwSnNSEEjR6GZ+Gswefw7/hd/MCFdl2i+bOPsjWz1Dywl1\nx3Ug/xT8o9Yq8j6cokVSMVqVFCOnOyO5BKxH3dDx5uKRW8723so=\n-----END RSA PRIVATE KEY-----\n",
            "content_base64": null,
            "content_base64sha256": "CQ8XpqRbgUAWQWZmITPIdDHP4JaRb4M23dPJ7spTha0=",
            "content_base64sha512": "9k47KJ9W5k/UjKbpSe6/UeTW/ha52p7oFQ63DRCWD/PAoPRv0JLtS6NM2VxZ8c5pcSp6CL2qisEXsRAejJbLvw==",
            "content_md5": "03c42ad5c34885351598d43e4e2c1512",
            "content_sha1": "1b80f1e97a0f87676e394b0502cbcb668a8e59b0",
            "content_sha256": "090f17a6a45b8140164166662133c87431cfe096916f8336ddd3c9eeca5385ad",
            "content_sha512": "f64e3b289f56e64fd48ca6e949eebf51e4d6fe16b9da9ee8150eb70d10960ff3c0a0f46fd092ed4ba34cd95c59f1ce69712a7a08bdaa8ac117b1101e8c96cbbf",
            "directory_permission": "0777",
            "file_permission": "0400",
            "filename": "./keys/my_private_key.pem",
            "id": "1b80f1e97a0f87676e394b0502cbcb668a8e59b0",
            "sensitive_content": null,
            "source": null
          },
          "sensitive_attributes": [
            [
              {
                "type": "get_attr",
                "value": "content"
              }
            ],
            [
              {
                "type": "get_attr",
                "value": "sensitive_content"
              }
            ]
          ],
          "dependencies": [
            "module.ssh_key.tls_private_key.ssh_key"
          ]
        }
      ]
    },
    {
      "module": "module.ssh_key",
      "mode": "managed",
      "type": "random_id",
      "name": "key_suffix",
      "provider": "provider[\"registry.terraform.io/hashicorp/random\"]",
      "instances": [
        {
          "schema_version": 0,
          "attributes": {
            "b64_std": "XdvrMw==",
            "b64_url": "XdvrMw",
            "byte_length": 4,
            "dec": "1574693683",
            "hex": "5ddbeb33",
            "id": "XdvrMw",
            "keepers": null,
            "prefix": null
          },
          "sensitive_attributes": []
        }
      ]
    },
    {
      "module": "module.ssh_key",
      "mode": "managed",
      "type": "tls_private_key",
      "name": "ssh_key",
      "provider": "provider[\"registry.terraform.io/hashicorp/tls\"]",
      "instances": [
        {
          "schema_version": 1,
          "attributes": {
            "algorithm": "RSA",
            "ecdsa_curve": "P224",
            "id": "34f04ced7b64c2cb721dcf7f5858d507a21ceded",
            "private_key_openssh": "-----BEGIN OPENSSH PRIVATE KEY-----\nb3BlbnNzaC1rZXktdjEAAAAABG5vbmUAAAAEbm9uZQAAAAAAAAABAAABFwAAAAdz\nc2gtcnNhAAAAAwEAAQAAAQEAsc3Myrwfk9j/Sz505arnU8O4EzFqtzCg5rOCfP6y\na1zVm1wXLhIfejmN/EqFQtw5oqBX6cu+ilPkIPuLGAmfeTE4V08xG+6Qelnbtl66\nhkW355SPG3ckC+HR6w7zBmTcd4UzukWqfWYpnvwn9FgFXsXYndhZLAI0en5Re0pv\nFJhd3wgUg09TDPu6d6FRVZ5vqLzemRp5VhHTK224SKK3Q6Mcthsl9yZ7nWAXGB9F\n3xxiPvkb/aiBPvNgXL8xCtbln+Ce3mI/FHzsArGwu9w20gXaUNdkP1ISSRQ37mde\nx/Afbu5VPOoIsY5DoqwW/6XW6piaMoGvVbZde21IWME5pQAAA7jz7jkK8+45CgAA\nAAdzc2gtcnNhAAABAQCxzczKvB+T2P9LPnTlqudTw7gTMWq3MKDms4J8/rJrXNWb\nXBcuEh96OY38SoVC3DmioFfpy76KU+Qg+4sYCZ95MThXTzEb7pB6Wdu2XrqGRbfn\nlI8bdyQL4dHrDvMGZNx3hTO6Rap9Zime/Cf0WAVexdid2FksAjR6flF7Sm8UmF3f\nCBSDT1MM+7p3oVFVnm+ovN6ZGnlWEdMrbbhIordDoxy2GyX3JnudYBcYH0XfHGI+\n+Rv9qIE+82BcvzEK1uWf4J7eYj8UfOwCsbC73DbSBdpQ12Q/UhJJFDfuZ17H8B9u\n7lU86gixjkOirBb/pdbqmJoyga9Vtl17bUhYwTmlAAAAAwEAAQAAAQBk3iaO4Lhd\nTJ5P1mfEnvbKy16S7Nbog9rT5gRh2q/nPmwjzdOMnFVlJl+JP9Fnw72ip6oYBTDc\nEol5uJoJEfR5cVXQGin2+ZjXAEEnrYfNgqG468tfvnAhmYNYAUwXVYLI/zUAOGNm\n7l0wR0Z3VLP/NugTa9fyonGZCC47blej63U0uS/5tcqFmEn6gkDrsYmWXH996PV+\nDOaMuTn0QwMDf50kp3v2U9IJyfmvWmb2M9m4QxKOtFsOp6V07MUULNo2Ll/sP+6b\nkH0JGvkHpmuwWNTu1As/Hk3/tI81eAKtgmnZZugChDnsaDtgQeqbLcFZc8/qbwGF\nzN8JNetaQ7zhAAAAgGwSq+e0KyuDRd8sxDzGQhgMSwJwAQAnbKuUj1NXyb/xd4wt\nFEpusfcrb9mhX7oU130oOI8MOilhcEpzUhBI0ehmfhrMHn8O/4XfzAhXZdovmzj7\nI1s9Q8sJdcd1IP8U/KPWKvI+nKJFUjFalRQjpzsjuQSsR93Q8ebikVvO9t7KAAAA\ngQDCCMcF+g0oSEWqmaEPIjA1xvQkwgdF5Mx1WqgzjejieTKbNLknEvtPtdkErEqS\nGl+zhxluwLu08mzMYZQZCr+dO8H2ajGW9X81lQWkJjn3kvKu7O1kTmqvAq9R4WjH\nIexQl8wEBYvMqVyQny8e14iyCKhAk6mwOqNJjB1bLazNzQAAAIEA6pYcqx2W/wO8\nh88ZVUD1J49gZW79MttsdXTWIrrl9YyKWZu8kJCCj6UmeHMrmnIqh3Sr8IMMcijM\nXqs3zfd4e/bMwMUAJEdm66nxFVTygNxmids1FjjD4L6UHSRufUepKA722HekxIOf\n3RTRNXVm/RNQf4fsDfkebvD6lRRWAzkAAAAAAQID\n-----END OPENSSH PRIVATE KEY-----\n",
            "private_key_pem": "-----BEGIN RSA PRIVATE KEY-----\nMIIEogIBAAKCAQEAsc3Myrwfk9j/Sz505arnU8O4EzFqtzCg5rOCfP6ya1zVm1wX\nLhIfejmN/EqFQtw5oqBX6cu+ilPkIPuLGAmfeTE4V08xG+6Qelnbtl66hkW355SP\nG3ckC+HR6w7zBmTcd4UzukWqfWYpnvwn9FgFXsXYndhZLAI0en5Re0pvFJhd3wgU\ng09TDPu6d6FRVZ5vqLzemRp5VhHTK224SKK3Q6Mcthsl9yZ7nWAXGB9F3xxiPvkb\n/aiBPvNgXL8xCtbln+Ce3mI/FHzsArGwu9w20gXaUNdkP1ISSRQ37mdex/Afbu5V\nPOoIsY5DoqwW/6XW6piaMoGvVbZde21IWME5pQIDAQABAoIBAGTeJo7guF1Mnk/W\nZ8Se9srLXpLs1uiD2tPmBGHar+c+bCPN04ycVWUmX4k/0WfDvaKnqhgFMNwSiXm4\nmgkR9HlxVdAaKfb5mNcAQSeth82Cobjry1++cCGZg1gBTBdVgsj/NQA4Y2buXTBH\nRndUs/826BNr1/KicZkILjtuV6PrdTS5L/m1yoWYSfqCQOuxiZZcf33o9X4M5oy5\nOfRDAwN/nSSne/ZT0gnJ+a9aZvYz2bhDEo60Ww6npXTsxRQs2jYuX+w/7puQfQka\n+Qema7BY1O7UCz8eTf+0jzV4Aq2Cadlm6AKEOexoO2BB6pstwVlzz+pvAYXM3wk1\n61pDvOECgYEAwgjHBfoNKEhFqpmhDyIwNcb0JMIHReTMdVqoM43o4nkymzS5JxL7\nT7XZBKxKkhpfs4cZbsC7tPJszGGUGQq/nTvB9moxlvV/NZUFpCY595LyruztZE5q\nrwKvUeFoxyHsUJfMBAWLzKlckJ8vHteIsgioQJOpsDqjSYwdWy2szc0CgYEA6pYc\nqx2W/wO8h88ZVUD1J49gZW79MttsdXTWIrrl9YyKWZu8kJCCj6UmeHMrmnIqh3Sr\n8IMMcijMXqs3zfd4e/bMwMUAJEdm66nxFVTygNxmids1FjjD4L6UHSRufUepKA72\n2HekxIOf3RTRNXVm/RNQf4fsDfkebvD6lRRWAzkCgYAQzUfGqbd39IIr2q/KqrA4\nB+leQXr1v3FA/D+ybyhqbApIzFD4JDmk1l9bezvd2PDOj/VQ1NmsOo3XSN/VJ0we\nZm1OVDXFF68TSbs6UqEUYiInqZaI6A1u6DGcSoOTMsnO1MYy1vQbHdNJJq+i4RES\nMZO4O9Em1H0NQlfMbHEZRQKBgEbzrCwdQQRUrvssqm7cvMmAVhmX3kE5mK5V7kaG\n3PLN1TKRJhFbhAHKY75epzuJeE+L/E08ddE5gcbIZpKHXQuxc/CCJS7T4c85kU9w\naACNqP3dLUtRU/1v5wCBemGuAP26uPJ0DYPag8mseDKBFetJojlQdRcs2AWaIVBh\n3DoRAoGAbBKr57QrK4NF3yzEPMZCGAxLAnABACdsq5SPU1fJv/F3jC0USm6x9ytv\n2aFfuhTXfSg4jww6KWFwSnNSEEjR6GZ+Gswefw7/hd/MCFdl2i+bOPsjWz1Dywl1\nx3Ug/xT8o9Yq8j6cokVSMVqVFCOnOyO5BKxH3dDx5uKRW8723so=\n-----END RSA PRIVATE KEY-----\n",
            "private_key_pem_pkcs8": "-----BEGIN PRIVATE KEY-----\nMIIEvAIBADANBgkqhkiG9w0BAQEFAASCBKYwggSiAgEAAoIBAQCxzczKvB+T2P9L\nPnTlqudTw7gTMWq3MKDms4J8/rJrXNWbXBcuEh96OY38SoVC3DmioFfpy76KU+Qg\n+4sYCZ95MThXTzEb7pB6Wdu2XrqGRbfnlI8bdyQL4dHrDvMGZNx3hTO6Rap9Zime\n/Cf0WAVexdid2FksAjR6flF7Sm8UmF3fCBSDT1MM+7p3oVFVnm+ovN6ZGnlWEdMr\nbbhIordDoxy2GyX3JnudYBcYH0XfHGI++Rv9qIE+82BcvzEK1uWf4J7eYj8UfOwC\nsbC73DbSBdpQ12Q/UhJJFDfuZ17H8B9u7lU86gixjkOirBb/pdbqmJoyga9Vtl17\nbUhYwTmlAgMBAAECggEAZN4mjuC4XUyeT9ZnxJ72ystekuzW6IPa0+YEYdqv5z5s\nI83TjJxVZSZfiT/RZ8O9oqeqGAUw3BKJebiaCRH0eXFV0Bop9vmY1wBBJ62HzYKh\nuOvLX75wIZmDWAFMF1WCyP81ADhjZu5dMEdGd1Sz/zboE2vX8qJxmQguO25Xo+t1\nNLkv+bXKhZhJ+oJA67GJllx/fej1fgzmjLk59EMDA3+dJKd79lPSCcn5r1pm9jPZ\nuEMSjrRbDqeldOzFFCzaNi5f7D/um5B9CRr5B6ZrsFjU7tQLPx5N/7SPNXgCrYJp\n2WboAoQ57Gg7YEHqmy3BWXPP6m8BhczfCTXrWkO84QKBgQDCCMcF+g0oSEWqmaEP\nIjA1xvQkwgdF5Mx1WqgzjejieTKbNLknEvtPtdkErEqSGl+zhxluwLu08mzMYZQZ\nCr+dO8H2ajGW9X81lQWkJjn3kvKu7O1kTmqvAq9R4WjHIexQl8wEBYvMqVyQny8e\n14iyCKhAk6mwOqNJjB1bLazNzQKBgQDqlhyrHZb/A7yHzxlVQPUnj2Blbv0y22x1\ndNYiuuX1jIpZm7yQkIKPpSZ4cyuaciqHdKvwgwxyKMxeqzfN93h79szAxQAkR2br\nqfEVVPKA3GaJ2zUWOMPgvpQdJG59R6koDvbYd6TEg5/dFNE1dWb9E1B/h+wN+R5u\n8PqVFFYDOQKBgBDNR8apt3f0givar8qqsDgH6V5BevW/cUD8P7JvKGpsCkjMUPgk\nOaTWX1t7O93Y8M6P9VDU2aw6jddI39UnTB5mbU5UNcUXrxNJuzpSoRRiIieplojo\nDW7oMZxKg5Myyc7UxjLW9Bsd00kmr6LhERIxk7g70SbUfQ1CV8xscRlFAoGARvOs\nLB1BBFSu+yyqbty8yYBWGZfeQTmYrlXuRobc8s3VMpEmEVuEAcpjvl6nO4l4T4v8\nTTx10TmBxshmkoddC7Fz8IIlLtPhzzmRT3BoAI2o/d0tS1FT/W/nAIF6Ya4A/bq4\n8nQNg9qDyax4MoEV60miOVB1FyzYBZohUGHcOhECgYBsEqvntCsrg0XfLMQ8xkIY\nDEsCcAEAJ2yrlI9TV8m/8XeMLRRKbrH3K2/ZoV+6FNd9KDiPDDopYXBKc1IQSNHo\nZn4azB5/Dv+F38wIV2XaL5s4+yNbPUPLCXXHdSD/FPyj1iryPpyiRVIxWpUUI6c7\nI7kErEfd0PHm4pFbzvbeyg==\n-----END PRIVATE KEY-----\n",
            "public_key_fingerprint_md5": "66:90:db:8f:45:3e:f3:10:00:86:63:2b:2c:dc:ed:b4",
            "public_key_fingerprint_sha256": "SHA256:R72rX+LnHz9+tRxlIjPxrHUP0aHketnlh7qTXT0bCv0",
            "public_key_openssh": "ssh-rsa AAAAB3NzaC1yc2EAAAADAQABAAABAQCxzczKvB+T2P9LPnTlqudTw7gTMWq3MKDms4J8/rJrXNWbXBcuEh96OY38SoVC3DmioFfpy76KU+Qg+4sYCZ95MThXTzEb7pB6Wdu2XrqGRbfnlI8bdyQL4dHrDvMGZNx3hTO6Rap9Zime/Cf0WAVexdid2FksAjR6flF7Sm8UmF3fCBSDT1MM+7p3oVFVnm+ovN6ZGnlWEdMrbbhIordDoxy2GyX3JnudYBcYH0XfHGI++Rv9qIE+82BcvzEK1uWf4J7eYj8UfOwCsbC73DbSBdpQ12Q/UhJJFDfuZ17H8B9u7lU86gixjkOirBb/pdbqmJoyga9Vtl17bUhYwTml\n",
            "public_key_pem": "-----BEGIN PUBLIC KEY-----\nMIIBIjANBgkqhkiG9w0BAQEFAAOCAQ8AMIIBCgKCAQEAsc3Myrwfk9j/Sz505arn\nU8O4EzFqtzCg5rOCfP6ya1zVm1wXLhIfejmN/EqFQtw5oqBX6cu+ilPkIPuLGAmf\neTE4V08xG+6Qelnbtl66hkW355SPG3ckC+HR6w7zBmTcd4UzukWqfWYpnvwn9FgF\nXsXYndhZLAI0en5Re0pvFJhd3wgUg09TDPu6d6FRVZ5vqLzemRp5VhHTK224SKK3\nQ6Mcthsl9yZ7nWAXGB9F3xxiPvkb/aiBPvNgXL8xCtbln+Ce3mI/FHzsArGwu9w2\n0gXaUNdkP1ISSRQ37mdex/Afbu5VPOoIsY5DoqwW/6XW6piaMoGvVbZde21IWME5\npQIDAQAB\n-----END PUBLIC KEY-----\n",
            "rsa_bits": 2048
          },
          "sensitive_attributes": [
            [
              {
                "type": "get_attr",
                "value": "private_key_pem"
              }
            ],
            [
              {
                "type": "get_attr",
                "value": "private_key_openssh"
              }
            ],
            [
              {
                "type": "get_attr",
                "value": "private_key_pem_pkcs8"
              }
            ]
          ]
        }
      ]
    }
  ],
  "check_results": null
}
